
Microsoft Visual Studio Solution File, Format Version 12.00
# Visual Studio Version 17
VisualStudioVersion = 17.12.35527.113 d17.12
MinimumVisualStudioVersion = 10.0.40219.1
Project("{888888A0-9F3D-457C-B088-3A5042F75D52}") = "Odds API Baseball Betting Lines V1.00", "Odds API Baseball Betting Lines V1.00.pyproj", "{F8B4879B-25A2-4B83-A6D9-B7BB9870E573}"
EndProject
Global
	GlobalSection(SolutionConfigurationPlatforms) = preSolution
		Debug|Any CPU = Debug|Any CPU
		Release|Any CPU = Release|Any CPU
	EndGlobalSection
	GlobalSection(ProjectConfigurationPlatforms) = postSolution
		{F8B4879B-25A2-4B83-A6D9-B7BB9870E573}.Debug|Any CPU.ActiveCfg = Debug|Any CPU
		{F8B4879B-25A2-4B83-A6D9-B7BB9870E573}.Release|Any CPU.ActiveCfg = Release|Any CPU
	EndGlobalSection
	GlobalSection(SolutionProperties) = preSolution
		HideSolutionNode = FALSE
	EndGlobalSection
EndGlobal
